{
    "_meta": {
        "hash": {
            "sha256": "628c2c93c6e15330638888ab736d1b04457a9b84452c5dce57a6db817cfaefb0"
        },
        "pipfile-spec": 6,
        "requires": {
            "python_version": "3.8"
        },
        "sources": [
            {
                "name": "pypi",
                "url": "https://pypi.org/simple",
                "verify_ssl": true
            }
        ]
    },
    "default": {},
    "develop": {}
}
